
Microsoft Visual Studio Solution File, Format Version 12.00
# Visual Studio Version 17
VisualStudioVersion = 17.4.33122.133
MinimumVisualStudioVersion = 10.0.40219.1
Project("{9A19103F-16F7-4668-BE54-9A1E7A4F7556}") = "ReservaHoteis.Domain", "ReservaHoteis.Domain\ReservaHoteis.Domain.csproj", "{924C6C02-CC9C-4DF4-A333-9C185D4072D7}"
EndProject
Project("{2150E333-8FDC-42A3-9474-1A3956D46DE8}") = "ReservaHoteis.DDD", "ReservaHoteis.DDD", "{ADE85E58-D5B9-4EC9-AB23-A8D2B8417062}"
EndProject
Project("{9A19103F-16F7-4668-BE54-9A1E7A4F7556}") = "ReservaHoteis.Repository", "ReservaHoteis.Repository\ReservaHoteis.Repository.csproj", "{29218AD9-0471-45C3-869C-61B9935490EC}"
EndProject
Project("{9A19103F-16F7-4668-BE54-9A1E7A4F7556}") = "ReservaHoteis.Service", "ReservaHoteis.Service\ReservaHoteis.Service.csproj", "{32FCCE05-63C5-4D0F-B0A5-21C1C840236E}"
EndProject
Project("{2150E333-8FDC-42A3-9474-1A3956D46DE8}") = "ReservaHoteis.App", "ReservaHoteis.App", "{536C8C77-EC2F-49CB-AAF3-0A2E36E2E80F}"
EndProject
Project("{2150E333-8FDC-42A3-9474-1A3956D46DE8}") = "ReservaHoteis.Testes", "ReservaHoteis.Testes", "{5885760C-69B3-42DA-8430-3537A724FF3F}"
EndProject
Project("{9A19103F-16F7-4668-BE54-9A1E7A4F7556}") = "ReservaHoteis.App", "ReservaHoteis.App\ReservaHoteis.App.csproj", "{AD6E8D55-6C74-4C79-BAAE-8668CD606FDE}"
EndProject
Project("{2150E333-8FDC-42A3-9474-1A3956D46DE8}") = "Itens de Solução", "Itens de Solução", "{01037954-0196-49B8-B992-02D70F6C4918}"
	ProjectSection(SolutionItems) = preProject
		README.md = README.md
	EndProjectSection
EndProject
Global
	GlobalSection(SolutionConfigurationPlatforms) = preSolution
		Debug|Any CPU = Debug|Any CPU
		Release|Any CPU = Release|Any CPU
	EndGlobalSection
	GlobalSection(ProjectConfigurationPlatforms) = postSolution
		{924C6C02-CC9C-4DF4-A333-9C185D4072D7}.Debug|Any CPU.ActiveCfg = Debug|Any CPU
		{924C6C02-CC9C-4DF4-A333-9C185D4072D7}.Debug|Any CPU.Build.0 = Debug|Any CPU
		{924C6C02-CC9C-4DF4-A333-9C185D4072D7}.Release|Any CPU.ActiveCfg = Release|Any CPU
		{924C6C02-CC9C-4DF4-A333-9C185D4072D7}.Release|Any CPU.Build.0 = Release|Any CPU
		{29218AD9-0471-45C3-869C-61B9935490EC}.Debug|Any CPU.ActiveCfg = Debug|Any CPU
		{29218AD9-0471-45C3-869C-61B9935490EC}.Debug|Any CPU.Build.0 = Debug|Any CPU
		{29218AD9-0471-45C3-869C-61B9935490EC}.Release|Any CPU.ActiveCfg = Release|Any CPU
		{29218AD9-0471-45C3-869C-61B9935490EC}.Release|Any CPU.Build.0 = Release|Any CPU
		{32FCCE05-63C5-4D0F-B0A5-21C1C840236E}.Debug|Any CPU.ActiveCfg = Debug|Any CPU
		{32FCCE05-63C5-4D0F-B0A5-21C1C840236E}.Debug|Any CPU.Build.0 = Debug|Any CPU
		{32FCCE05-63C5-4D0F-B0A5-21C1C840236E}.Release|Any CPU.ActiveCfg = Release|Any CPU
		{32FCCE05-63C5-4D0F-B0A5-21C1C840236E}.Release|Any CPU.Build.0 = Release|Any CPU
		{AD6E8D55-6C74-4C79-BAAE-8668CD606FDE}.Debug|Any CPU.ActiveCfg = Debug|Any CPU
		{AD6E8D55-6C74-4C79-BAAE-8668CD606FDE}.Debug|Any CPU.Build.0 = Debug|Any CPU
		{AD6E8D55-6C74-4C79-BAAE-8668CD606FDE}.Release|Any CPU.ActiveCfg = Release|Any CPU
		{AD6E8D55-6C74-4C79-BAAE-8668CD606FDE}.Release|Any CPU.Build.0 = Release|Any CPU
	EndGlobalSection
	GlobalSection(SolutionProperties) = preSolution
		HideSolutionNode = FALSE
	EndGlobalSection
	GlobalSection(NestedProjects) = preSolution
		{924C6C02-CC9C-4DF4-A333-9C185D4072D7} = {ADE85E58-D5B9-4EC9-AB23-A8D2B8417062}
		{29218AD9-0471-45C3-869C-61B9935490EC} = {ADE85E58-D5B9-4EC9-AB23-A8D2B8417062}
		{32FCCE05-63C5-4D0F-B0A5-21C1C840236E} = {ADE85E58-D5B9-4EC9-AB23-A8D2B8417062}
		{AD6E8D55-6C74-4C79-BAAE-8668CD606FDE} = {536C8C77-EC2F-49CB-AAF3-0A2E36E2E80F}
	EndGlobalSection
	GlobalSection(ExtensibilityGlobals) = postSolution
		SolutionGuid = {6D90AA0C-2D48-406F-8572-0BFA810A65BE}
	EndGlobalSection
EndGlobal
